
Microsoft Visual Studio Solution File, Format Version 12.00
# Visual Studio Version 16
VisualStudioVersion = 16.0.31105.61
MinimumVisualStudioVersion = 10.0.40219.1
Project("{FAE04EC0-301F-11D3-BF4B-00C04F79EFBC}") = "ModularSample1.UI", "ModularSample1.UI\ModularSample1.UI.csproj", "{E7B8A8DE-E42D-40AC-A714-65DB8E0B93E1}"
	ProjectSection(ProjectDependencies) = postProject
		{42D1E0EA-6AC4-4F9F-8A1D-2A0C73770691} = {42D1E0EA-6AC4-4F9F-8A1D-2A0C73770691}
	EndProjectSection
EndProject
Project("{2150E333-8FDC-42A3-9474-1A3956D46DE8}") = "Modules", "Modules", "{C86FF231-9F8D-4072-8C20-CF7F7ED94A73}"
EndProject
Project("{FAE04EC0-301F-11D3-BF4B-00C04F79EFBC}") = "ModularSample1.Modules.ModuleA", "Modules\ModularSample1.Modules.ModuleA\ModularSample1.Modules.ModuleA.csproj", "{42D1E0EA-6AC4-4F9F-8A1D-2A0C73770691}"
EndProject
Global
	GlobalSection(SolutionConfigurationPlatforms) = preSolution
		Debug|Any CPU = Debug|Any CPU
		Release|Any CPU = Release|Any CPU
	EndGlobalSection
	GlobalSection(ProjectConfigurationPlatforms) = postSolution
		{E7B8A8DE-E42D-40AC-A714-65DB8E0B93E1}.Debug|Any CPU.ActiveCfg = Debug|Any CPU
		{E7B8A8DE-E42D-40AC-A714-65DB8E0B93E1}.Debug|Any CPU.Build.0 = Debug|Any CPU
		{E7B8A8DE-E42D-40AC-A714-65DB8E0B93E1}.Release|Any CPU.ActiveCfg = Release|Any CPU
		{E7B8A8DE-E42D-40AC-A714-65DB8E0B93E1}.Release|Any CPU.Build.0 = Release|Any CPU
		{42D1E0EA-6AC4-4F9F-8A1D-2A0C73770691}.Debug|Any CPU.ActiveCfg = Debug|Any CPU
		{42D1E0EA-6AC4-4F9F-8A1D-2A0C73770691}.Debug|Any CPU.Build.0 = Debug|Any CPU
		{42D1E0EA-6AC4-4F9F-8A1D-2A0C73770691}.Release|Any CPU.ActiveCfg = Release|Any CPU
		{42D1E0EA-6AC4-4F9F-8A1D-2A0C73770691}.Release|Any CPU.Build.0 = Release|Any CPU
	EndGlobalSection
	GlobalSection(SolutionProperties) = preSolution
		HideSolutionNode = FALSE
	EndGlobalSection
	GlobalSection(NestedProjects) = preSolution
		{42D1E0EA-6AC4-4F9F-8A1D-2A0C73770691} = {C86FF231-9F8D-4072-8C20-CF7F7ED94A73}
	EndGlobalSection
	GlobalSection(ExtensibilityGlobals) = postSolution
		SolutionGuid = {5B579506-7E3A-4077-AB15-59EAB29AF3DB}
	EndGlobalSection
EndGlobal
